<?xml version="1.0" encoding="utf-8"?>
<Project ToolsVersion="4.0" xmlns="http://schemas.microsoft.com/developer/msbuild/2003">
  <ItemGroup>
    <Filter Include="Archivos de origen">
      <UniqueIdentifier>{4FC737F1-C7A5-4376-A066-2A32D752A2FF}</UniqueIdentifier>
      <Extensions>cpp;c;cc;cxx;def;odl;idl;hpj;bat;asm;asmx</Extensions>
    </Filter>
    <Filter Include="Archivos de encabezado">
      <UniqueIdentifier>{93995380-89BD-4b04-88EB-625FBE52EBFB}</UniqueIdentifier>
      <Extensions>h;hh;hpp;hxx;hm;inl;inc;ipp;xsd</Extensions>
    </Filter>
    <Filter Include="Archivos de recursos">
      <UniqueIdentifier>{67DA6AB6-F800-4c08-8B7A-83BB121AAD01}</UniqueIdentifier>
      <Extensions>rc;ico;cur;bmp;dlg;rc2;rct;bin;rgs;gif;jpg;jpeg;jpe;resx;tiff;tif;png;wav;mfcribbon-ms</Extensions>
    </Filter>
    <Filter Include="Archivos de origen\scenes">
      <UniqueIdentifier>{3348cadb-f451-4b04-889d-0b8878004ff5}</UniqueIdentifier>
    </Filter>
    <Filter Include="Archivos de origen\kore">
      <UniqueIdentifier>{51525997-bc80-4478-a1b8-d09265604593}</UniqueIdentifier>
    </Filter>
  </ItemGroup>
  <ItemGroup>
    <ClInclude Include="pch.h">
      <Filter>Archivos de encabezado</Filter>
    </ClInclude>
  </ItemGroup>
  <ItemGroup>
    <ClCompile Include="dsEngine.cpp">
      <Filter>Archivos de origen</Filter>
    </ClCompile>
    <ClCompile Include="core\gpu.cpp">
      <Filter>Archivos de origen\kore</Filter>
    </ClCompile>
    <ClCompile Include="core\surface.cpp">
      <Filter>Archivos de origen\kore</Filter>
    </ClCompile>
    <ClCompile Include="core\player.cpp">
      <Filter>Archivos de origen\kore</Filter>
    </ClCompile>
    <ClCompile Include="core\animation.cpp">
      <Filter>Archivos de origen\kore</Filter>
    </ClCompile>
    <ClCompile Include="core\sprite.cpp">
      <Filter>Archivos de origen\kore</Filter>
    </ClCompile>
    <ClCompile Include="core\kore.cpp">
      <Filter>Archivos de origen\kore</Filter>
    </ClCompile>
    <ClCompile Include="core\world.cpp">
      <Filter>Archivos de origen\kore</Filter>
    </ClCompile>
    <ClCompile Include="core\sector.cpp">
      <Filter>Archivos de origen\kore</Filter>
    </ClCompile>
    <ClCompile Include="core\camera.cpp">
      <Filter>Archivos de origen\kore</Filter>
    </ClCompile>
    <ClCompile Include="core\layer.cpp">
      <Filter>Archivos de origen\kore</Filter>
    </ClCompile>
    <ClCompile Include="core\terrain.cpp">
      <Filter>Archivos de origen\kore</Filter>
    </ClCompile>
    <ClCompile Include="core\material.cpp">
      <Filter>Archivos de origen\kore</Filter>
    </ClCompile>
    <ClCompile Include="core\gauge.cpp">
      <Filter>Archivos de origen\kore</Filter>
    </ClCompile>
    <ClCompile Include="core\biome.cpp">
      <Filter>Archivos de origen\kore</Filter>
    </ClCompile>
    <ClCompile Include="core\environment.cpp">
      <Filter>Archivos de origen\kore</Filter>
    </ClCompile>
    <ClCompile Include="core\apu.cpp">
      <Filter>Archivos de origen\kore</Filter>
    </ClCompile>
  </ItemGroup>
  <ItemGroup>
    <None Include="packages.config" />
  </ItemGroup>
</Project>